// !$*UTF8*$!
{
	archiveVersion = 1;
	classes = {
	};
	objectVersion = 46;
	objects = {

/* Begin PBXBuildFile section */
		B27D376D1A6679AE00E07D90 /* main.c in Sources */ = {isa = PBXBuildFile; fileRef = B27D376C1A6679AE00E07D90 /* main.c */; };
/* End PBXBuildFile section */

/* Begin PBXCopyFilesBuildPhase section */
		B27D37671A6679AE00E07D90 /* CopyFiles */ = {
			isa = PBXCopyFilesBuildPhase;
			buildActionMask = 2147483647;
			dstPath = /usr/share/man/man1/;
			dstSubfolderSpec = 0;
			files = (
			);
			runOnlyForDeploymentPostprocessing = 1;
		};
/* End PBXCopyFilesBuildPhase section */

/* Begin PBXFileReference section */
		B27D37691A6679AE00E07D90 /* 2PlayerMathGame */ = {isa = PBXFileReference; explicitFileType = "compiled.mach-o.executable"; includeInIndex = 0; path = 2PlayerMathGame; sourceTree = BUILT_PRODUCTS_DIR; };
		B27D376C1A6679AE00E07D90 /* main.c */ = {isa = PBXFileReference; lastKnownFileType = sourcecode.c.c; path = main.c; sourceTree = "<group>"; };
/* End PBXFileReference section */

/* Begin PBXFrameworksBuildPhase section */
		B27D37661A6679AE00E07D90 /* Frameworks */ = {
			isa = PBXFrameworksBuildPhase;
			buildActionMask = 2147483647;
			files = (
			);
			runOnlyForDeploymentPostprocessing = 0;
		};
/* End PBXFrameworksBuildPhase section */

/* Begin PBXGroup section */
		B27D37601A6679AE00E07D90 = {
			isa = PBXGroup;
			children = (
				B27D376B1A6679AE00E07D90 /* 2PlayerMathGame */,
				B27D376A1A6679AE00E07D90 /* Products */,
			);
			sourceTree = "<group>";
		};
		B27D376A1A6679AE00E07D90 /* Products */ = {
			isa = PBXGroup;
			children = (
				B27D37691A6679AE00E07D90 /* 2PlayerMathGame */,
			);
			name = Products;
			sourceTree = "<group>";
		};
		B27D376B1A6679AE00E07D90 /* 2PlayerMathGame */ = {
			isa = PBXGroup;
			children = (
				B27D376C1A6679AE00E07D90 /* main.c */,
			);
			path = 2PlayerMathGame;
			sourceTree = "<group>";
		};
/* End PBXGroup section */

/* Begin PBXNativeTarget section */
		B27D37681A6679AE00E07D90 /* 2PlayerMathGame */ = {
			isa = PBXNativeTarget;
			buildConfigurationList = B27D37701A6679AE00E07D90 /* Build configuration list for PBXNativeTarget "2PlayerMathGame" */;
			buildPhases = (
				B27D37651A6679AE00E07D90 /* Sources */,
				B27D37661A6679AE00E07D90 /* Frameworks */,
				B27D37671A6679AE00E07D90 /* CopyFiles */,
			);
			buildRules = (
			);
			dependencies = (
			);
			name = 2PlayerMathGame;
			productName = 2PlayerMathGame;
			productReference = B27D37691A6679AE00E07D90 /* 2PlayerMathGame */;
			productType = "com.apple.product-type.tool";
		};
/* End PBXNativeTarget section */

/* Begin PBXProject section */
		B27D37611A6679AE00E07D90 /* Project object */ = {
			isa = PBXProject;
			attributes = {
				LastUpgradeCheck = 0610;
				ORGANIZATIONNAME = "Empath Solutions";
				TargetAttributes = {
					B27D37681A6679AE00E07D90 = {
						CreatedOnToolsVersion = 6.1.1;
					};
				};
			};
			buildConfigurationList = B27D37641A6679AE00E07D90 /* Build configuration list for PBXProject "2PlayerMathGame" */;
			compatibilityVersion = "Xcode 3.2";
			developmentRegion = English;
			hasScannedForEncodings = 0;
			knownRegions = (
				en,
			);
			mainGroup = B27D37601A6679AE00E07D90;
			productRefGroup = B27D376A1A6679AE00E07D90 /* Products */;
			projectDirPath = "";
			projectRoot = "";
			targets = (
				B27D37681A6679AE00E07D90 /* 2PlayerMathGame */,
			);
		};
/* End PBXProject section */

/* Begin PBXSourcesBuildPhase section */
		B27D37651A6679AE00E07D90 /* Sources */ = {
			isa = PBXSourcesBuildPhase;
			buildActionMask = 2147483647;
			files = (
				B27D376D1A6679AE00E07D90 /* main.c in Sources */,
			);
			runOnlyForDeploymentPostprocessing = 0;
		};
/* End PBXSourcesBuildPhase section */

/* Begin XCBuildConfiguration section */
		B27D376E1A6679AE00E07D90 /* Debug */ = {
			isa = XCBuildConfiguration;
			buildSettings = {
				ALWAYS_SEARCH_USER_PATHS = NO;
				CLANG_CXX_LANGUAGE_STANDARD = "gnu++0x";
				CLANG_CXX_LIBRARY = "libc++";
				CLANG_ENABLE_MODULES = YES;
				CLANG_ENABLE_OBJC_ARC = YES;
				CLANG_WARN_BOOL_CONVERSION = YES;
				CLANG_WARN_CONSTANT_CONVERSION = YES;
				CLANG_WARN_DIRECT_OBJC_ISA_USAGE = YES_ERROR;
				CLANG_WARN_EMPTY_BODY = YES;
				CLANG_WARN_ENUM_CONVERSION = YES;
				CLANG_WARN_INT_CONVERSION = YES;
				CLANG_WARN_OBJC_ROOT_CLASS = YES_ERROR;
				CLANG_WARN_UNREACHABLE_CODE = YES;
				CLANG_WARN__DUPLICATE_METHOD_MATCH = YES;
				COPY_PHASE_STRIP = NO;
				ENABLE_STRICT_OBJC_MSGSEND = YES;
				GCC_C_LANGUAGE_STANDARD = gnu99;
				GCC_DYNAMIC_NO_PIC = NO;
				GCC_OPTIMIZATION_LEVEL = 0;
				GCC_PREPROCESSOR_DEFINITIONS = (
					"DEBUG=1",
					"$(inherited)",
				);
				GCC_SYMBOLS_PRIVATE_EXTERN = NO;
				GCC_WARN_64_TO_32_BIT_CONVERSION = YES;
				GCC_WARN_ABOUT_RETURN_TYPE = YES_ERROR;
				GCC_WARN_UNDECLARED_SELECTOR = YES;
				GCC_WARN_UNINITIALIZED_AUTOS = YES_AGGRESSIVE;
				GCC_WARN_UNUSED_FUNCTION = YES;
				GCC_WARN_UNUSED_VARIABLE = YES;
				MACOSX_DEPLOYMENT_TARGET = 10.10;
				MTL_ENABLE_DEBUG_INFO = YES;
				ONLY_ACTIVE_ARCH = YES;
				SDKROOT = macosx;
			};
			name = Debug;
		};
		B27D376F1A6679AE00E07D90 /* Release */ = {
			isa = XCBuildConfiguration;
			buildSettings = {
				ALWAYS_SEARCH_USER_PATHS = NO;
				CLANG_CXX_LANGUAGE_STANDARD = "gnu++0x";
				CLANG_CXX_LIBRARY = "libc++";
				CLANG_ENABLE_MODULES = YES;
				CLANG_ENABLE_OBJC_ARC = YES;
				CLANG_WARN_BOOL_CONVERSION = YES;
				CLANG_WARN_CONSTANT_CONVERSION = YES;
				CLANG_WARN_DIRECT_OBJC_ISA_USAGE = YES_ERROR;
				CLANG_WARN_EMPTY_BODY = YES;
				CLANG_WARN_ENUM_CONVERSION = YES;
				CLANG_WARN_INT_CONVERSION = YES;
				CLANG_WARN_OBJC_ROOT_CLASS = YES_ERROR;
				CLANG_WARN_UNREACHABLE_CODE = YES;
				CLANG_WARN__DUPLICATE_METHOD_MATCH = YES;
				COPY_PHASE_STRIP = YES;
				DEBUG_INFORMATION_FORMAT = "dwarf-with-dsym";
				ENABLE_NS_ASSERTIONS = NO;
				ENABLE_STRICT_OBJC_MSGSEND = YES;
				GCC_C_LANGUAGE_STANDARD = gnu99;
				GCC_WARN_64_TO_32_BIT_CONVERSION = YES;
				GCC_WARN_ABOUT_RETURN_TYPE = YES_ERROR;
				GCC_WARN_UNDECLARED_SELECTOR = YES;
				GCC_WARN_UNINITIALIZED_AUTOS = YES_AGGRESSIVE;
				GCC_WARN_UNUSED_FUNCTION = YES;
				GCC_WARN_UNUSED_VARIABLE = YES;
				MACOSX_DEPLOYMENT_TARGET = 10.10;
				MTL_ENABLE_DEBUG_INFO = NO;
				SDKROOT = macosx;
			};
			name = Release;
		};
		B27D37711A6679AE00E07D90 /* Debug */ = {
			isa = XCBuildConfiguration;
			buildSettings = {
				PRODUCT_NAME = "$(TARGET_NAME)";
			};
			name = Debug;
		};
		B27D37721A6679AE00E07D90 /* Release */ = {
			isa = XCBuildConfiguration;
			buildSettings = {
				PRODUCT_NAME = "$(TARGET_NAME)";
			};
			name = Release;
		};
/* End XCBuildConfiguration section */

/* Begin XCConfigurationList section */
		B27D37641A6679AE00E07D90 /* Build configuration list for PBXProject "2PlayerMathGame" */ = {
			isa = XCConfigurationList;
			buildConfigurations = (
				B27D376E1A6679AE00E07D90 /* Debug */,
				B27D376F1A6679AE00E07D90 /* Release */,
			);
			defaultConfigurationIsVisible = 0;
			defaultConfigurationName = Release;
		};
		B27D37701A6679AE00E07D90 /* Build configuration list for PBXNativeTarget "2PlayerMathGame" */ = {
			isa = XCConfigurationList;
			buildConfigurations = (
				B27D37711A6679AE00E07D90 /* Debug */,
				B27D37721A6679AE00E07D90 /* Release */,
			);
			defaultConfigurationIsVisible = 0;
		};
/* End XCConfigurationList section */
	};
	rootObject = B27D37611A6679AE00E07D90 /* Project object */;
}
